// !$*UTF8*$!
{
	archiveVersion = 1;
	classes = {
	};
	objectVersion = 46;
	objects = {

/* Begin PBXBuildFile section */
		580A50E81FCB40D90007C921 /* MarkerViews.swift in Sources */ = {isa = PBXBuildFile; fileRef = 580A50E71FCB40D90007C921 /* MarkerViews.swift */; };
		58106D061F1019830043F791 /* GoogleService-Info.plist in Resources */ = {isa = PBXBuildFile; fileRef = 58106D051F1019830043F791 /* GoogleService-Info.plist */; };
		58106D081F101B180043F791 /* Vendor.swift in Sources */ = {isa = PBXBuildFile; fileRef = 58106D071F101B180043F791 /* Vendor.swift */; };
		583DDC7A1F0EDEA900E024C2 /* AppDelegate.swift in Sources */ = {isa = PBXBuildFile; fileRef = 583DDC791F0EDEA900E024C2 /* AppDelegate.swift */; };
		583DDC7F1F0EDEA900E024C2 /* Main.storyboard in Resources */ = {isa = PBXBuildFile; fileRef = 583DDC7D1F0EDEA900E024C2 /* Main.storyboard */; };
		583DDC811F0EDEA900E024C2 /* Assets.xcassets in Resources */ = {isa = PBXBuildFile; fileRef = 583DDC801F0EDEA900E024C2 /* Assets.xcassets */; };
		583DDC841F0EDEA900E024C2 /* LaunchScreen.storyboard in Resources */ = {isa = PBXBuildFile; fileRef = 583DDC821F0EDEA900E024C2 /* LaunchScreen.storyboard */; };
		583DDC9A1F0EDEA900E024C2 /* flucueatUITests.swift in Sources */ = {isa = PBXBuildFile; fileRef = 583DDC991F0EDEA900E024C2 /* flucueatUITests.swift */; };
		585611941F1EBB8D00C6D2ED /* VendorInfoViewController.swift in Sources */ = {isa = PBXBuildFile; fileRef = 585611931F1EBB8D00C6D2ED /* VendorInfoViewController.swift */; };
		585611961F20115900C6D2ED /* VendorMapViewController.swift in Sources */ = {isa = PBXBuildFile; fileRef = 585611951F20115900C6D2ED /* VendorMapViewController.swift */; };
		5856119A1F20123800C6D2ED /* VendorTabController.swift in Sources */ = {isa = PBXBuildFile; fileRef = 585611991F20123800C6D2ED /* VendorTabController.swift */; };
		585611A51F2259C400C6D2ED /* FoodTruckInfoViewController.swift in Sources */ = {isa = PBXBuildFile; fileRef = 585611A41F2259C400C6D2ED /* FoodTruckInfoViewController.swift */; };
		5872BAA21F1942E000366391 /* HomeMapViewController.swift in Sources */ = {isa = PBXBuildFile; fileRef = 5872BAA11F1942E000366391 /* HomeMapViewController.swift */; };
		5872BAA61F1946EB00366391 /* Constants.swift in Sources */ = {isa = PBXBuildFile; fileRef = 5872BAA51F1946EB00366391 /* Constants.swift */; };
		589B07891F38332E00096544 /* AlertViews.swift in Sources */ = {isa = PBXBuildFile; fileRef = 589B07881F38332E00096544 /* AlertViews.swift */; };
		589B078D1F39230200096544 /* FirebaseClient.swift in Sources */ = {isa = PBXBuildFile; fileRef = 589B078C1F39230200096544 /* FirebaseClient.swift */; };
		58C347841F2FCD2C00710A1A /* FoodImageCollectionViewCell.swift in Sources */ = {isa = PBXBuildFile; fileRef = 58C347831F2FCD2C00710A1A /* FoodImageCollectionViewCell.swift */; };
		58FB4BB41F6AFB1D00A0B554 /* checkForConnection.swift in Sources */ = {isa = PBXBuildFile; fileRef = 58FB4BB31F6AFB1D00A0B554 /* checkForConnection.swift */; };
		B77B6C930F9170C768196093 /* Pods_fluctueat.framework in Frameworks */ = {isa = PBXBuildFile; fileRef = B1FA0FC1A2B928B735FBD2DB /* Pods_fluctueat.framework */; };
/* End PBXBuildFile section */

/* Begin PBXContainerItemProxy section */
		583DDC8B1F0EDEA900E024C2 /* PBXContainerItemProxy */ = {
			isa = PBXContainerItemProxy;
			containerPortal = 583DDC6E1F0EDEA900E024C2 /* Project object */;
			proxyType = 1;
			remoteGlobalIDString = 583DDC751F0EDEA900E024C2;
			remoteInfo = flucueat;
		};
		583DDC961F0EDEA900E024C2 /* PBXContainerItemProxy */ = {
			isa = PBXContainerItemProxy;
			containerPortal = 583DDC6E1F0EDEA900E024C2 /* Project object */;
			proxyType = 1;
			remoteGlobalIDString = 583DDC751F0EDEA900E024C2;
			remoteInfo = flucueat;
		};
/* End PBXContainerItemProxy section */

/* Begin PBXFileReference section */
		580A50E71FCB40D90007C921 /* MarkerViews.swift */ = {isa = PBXFileReference; lastKnownFileType = sourcecode.swift; path = MarkerViews.swift; sourceTree = "<group>"; };
		58106D051F1019830043F791 /* GoogleService-Info.plist */ = {isa = PBXFileReference; fileEncoding = 4; lastKnownFileType = text.plist.xml; path = "GoogleService-Info.plist"; sourceTree = "<group>"; };
		58106D071F101B180043F791 /* Vendor.swift */ = {isa = PBXFileReference; fileEncoding = 4; lastKnownFileType = sourcecode.swift; path = Vendor.swift; sourceTree = "<group>"; };
		583DDC761F0EDEA900E024C2 /* fluctueat.app */ = {isa = PBXFileReference; explicitFileType = wrapper.application; includeInIndex = 0; path = fluctueat.app; sourceTree = BUILT_PRODUCTS_DIR; };
		583DDC791F0EDEA900E024C2 /* AppDelegate.swift */ = {isa = PBXFileReference; lastKnownFileType = sourcecode.swift; path = AppDelegate.swift; sourceTree = "<group>"; };
		583DDC7E1F0EDEA900E024C2 /* Base */ = {isa = PBXFileReference; lastKnownFileType = file.storyboard; name = Base; path = Base.lproj/Main.storyboard; sourceTree = "<group>"; };
		583DDC801F0EDEA900E024C2 /* Assets.xcassets */ = {isa = PBXFileReference; lastKnownFileType = folder.assetcatalog; path = Assets.xcassets; sourceTree = "<group>"; };
		583DDC831F0EDEA900E024C2 /* Base */ = {isa = PBXFileReference; lastKnownFileType = file.storyboard; name = Base; path = Base.lproj/LaunchScreen.storyboard; sourceTree = "<group>"; };
		583DDC851F0EDEA900E024C2 /* Info.plist */ = {isa = PBXFileReference; lastKnownFileType = text.plist.xml; path = Info.plist; sourceTree = "<group>"; };
		583DDC8A1F0EDEA900E024C2 /* fluctueatTests.xctest */ = {isa = PBXFileReference; explicitFileType = wrapper.cfbundle; includeInIndex = 0; path = fluctueatTests.xctest; sourceTree = BUILT_PRODUCTS_DIR; };
		583DDC901F0EDEA900E024C2 /* Info.plist */ = {isa = PBXFileReference; lastKnownFileType = text.plist.xml; path = Info.plist; sourceTree = "<group>"; };
		583DDC951F0EDEA900E024C2 /* fluctueatUITests.xctest */ = {isa = PBXFileReference; explicitFileType = wrapper.cfbundle; includeInIndex = 0; path = fluctueatUITests.xctest; sourceTree = BUILT_PRODUCTS_DIR; };
		583DDC991F0EDEA900E024C2 /* flucueatUITests.swift */ = {isa = PBXFileReference; lastKnownFileType = sourcecode.swift; path = flucueatUITests.swift; sourceTree = "<group>"; };
		583DDC9B1F0EDEA900E024C2 /* Info.plist */ = {isa = PBXFileReference; lastKnownFileType = text.plist.xml; path = Info.plist; sourceTree = "<group>"; };
		585611931F1EBB8D00C6D2ED /* VendorInfoViewController.swift */ = {isa = PBXFileReference; fileEncoding = 4; lastKnownFileType = sourcecode.swift; path = VendorInfoViewController.swift; sourceTree = "<group>"; };
		585611951F20115900C6D2ED /* VendorMapViewController.swift */ = {isa = PBXFileReference; fileEncoding = 4; lastKnownFileType = sourcecode.swift; path = VendorMapViewController.swift; sourceTree = "<group>"; };
		585611991F20123800C6D2ED /* VendorTabController.swift */ = {isa = PBXFileReference; fileEncoding = 4; lastKnownFileType = sourcecode.swift; path = VendorTabController.swift; sourceTree = "<group>"; };
		585611A41F2259C400C6D2ED /* FoodTruckInfoViewController.swift */ = {isa = PBXFileReference; fileEncoding = 4; lastKnownFileType = sourcecode.swift; path = FoodTruckInfoViewController.swift; sourceTree = "<group>"; };
		5872BAA11F1942E000366391 /* HomeMapViewController.swift */ = {isa = PBXFileReference; fileEncoding = 4; lastKnownFileType = sourcecode.swift; path = HomeMapViewController.swift; sourceTree = "<group>"; };
		5872BAA51F1946EB00366391 /* Constants.swift */ = {isa = PBXFileReference; fileEncoding = 4; lastKnownFileType = sourcecode.swift; name = Constants.swift; path = ../Constants.swift; sourceTree = "<group>"; };
		589B07881F38332E00096544 /* AlertViews.swift */ = {isa = PBXFileReference; fileEncoding = 4; lastKnownFileType = sourcecode.swift; path = AlertViews.swift; sourceTree = "<group>"; };
		589B078C1F39230200096544 /* FirebaseClient.swift */ = {isa = PBXFileReference; fileEncoding = 4; lastKnownFileType = sourcecode.swift; path = FirebaseClient.swift; sourceTree = "<group>"; };
		58C347831F2FCD2C00710A1A /* FoodImageCollectionViewCell.swift */ = {isa = PBXFileReference; fileEncoding = 4; lastKnownFileType = sourcecode.swift; path = FoodImageCollectionViewCell.swift; sourceTree = "<group>"; };
		58FB4BB31F6AFB1D00A0B554 /* checkForConnection.swift */ = {isa = PBXFileReference; fileEncoding = 4; lastKnownFileType = sourcecode.swift; path = checkForConnection.swift; sourceTree = "<group>"; };
		680FE71A711B25AC00F1F720 /* Pods-fluctueat.release.xcconfig */ = {isa = PBXFileReference; includeInIndex = 1; lastKnownFileType = text.xcconfig; name = "Pods-fluctueat.release.xcconfig"; path = "Pods/Target Support Files/Pods-fluctueat/Pods-fluctueat.release.xcconfig"; sourceTree = "<group>"; };
		7918DEDDDEDE5124FD310FD4 /* Pods-fluctueat.debug.xcconfig */ = {isa = PBXFileReference; includeInIndex = 1; lastKnownFileType = text.xcconfig; name = "Pods-fluctueat.debug.xcconfig"; path = "Pods/Target Support Files/Pods-fluctueat/Pods-fluctueat.debug.xcconfig"; sourceTree = "<group>"; };
		B1FA0FC1A2B928B735FBD2DB /* Pods_fluctueat.framework */ = {isa = PBXFileReference; explicitFileType = wrapper.framework; includeInIndex = 0; path = Pods_fluctueat.framework; sourceTree = BUILT_PRODUCTS_DIR; };
/* End PBXFileReference section */

/* Begin PBXFrameworksBuildPhase section */
		583DDC731F0EDEA900E024C2 /* Frameworks */ = {
			isa = PBXFrameworksBuildPhase;
			buildActionMask = 2147483647;
			files = (
				B77B6C930F9170C768196093 /* Pods_fluctueat.framework in Frameworks */,
			);
			runOnlyForDeploymentPostprocessing = 0;
		};
		583DDC871F0EDEA900E024C2 /* Frameworks */ = {
			isa = PBXFrameworksBuildPhase;
			buildActionMask = 2147483647;
			files = (
			);
			runOnlyForDeploymentPostprocessing = 0;
		};
		583DDC921F0EDEA900E024C2 /* Frameworks */ = {
			isa = PBXFrameworksBuildPhase;
			buildActionMask = 2147483647;
			files = (
			);
			runOnlyForDeploymentPostprocessing = 0;
		};
/* End PBXFrameworksBuildPhase section */

/* Begin PBXGroup section */
		32FC53C87CC8DD9B21C80C58 /* Frameworks */ = {
			isa = PBXGroup;
			children = (
				B1FA0FC1A2B928B735FBD2DB /* Pods_fluctueat.framework */,
			);
			name = Frameworks;
			sourceTree = "<group>";
		};
		583DDC6D1F0EDEA900E024C2 = {
			isa = PBXGroup;
			children = (
				583DDC781F0EDEA900E024C2 /* flucueat */,
				583DDC8D1F0EDEA900E024C2 /* flucueatTests */,
				583DDC981F0EDEA900E024C2 /* flucueatUITests */,
				583DDC771F0EDEA900E024C2 /* Products */,
				B33EB8C259C926EFF3EF50CC /* Pods */,
				32FC53C87CC8DD9B21C80C58 /* Frameworks */,
			);
			sourceTree = "<group>";
		};
		583DDC771F0EDEA900E024C2 /* Products */ = {
			isa = PBXGroup;
			children = (
				583DDC761F0EDEA900E024C2 /* fluctueat.app */,
				583DDC8A1F0EDEA900E024C2 /* fluctueatTests.xctest */,
				583DDC951F0EDEA900E024C2 /* fluctueatUITests.xctest */,
			);
			name = Products;
			sourceTree = "<group>";
		};
		583DDC781F0EDEA900E024C2 /* flucueat */ = {
			isa = PBXGroup;
			children = (
				583DDC791F0EDEA900E024C2 /* AppDelegate.swift */,
				5856119B1F20129500C6D2ED /* Controllers */,
				5856119C1F2012D100C6D2ED /* Model */,
				5856119D1F2012EB00C6D2ED /* View */,
				583DDC801F0EDEA900E024C2 /* Assets.xcassets */,
				583DDC821F0EDEA900E024C2 /* LaunchScreen.storyboard */,
				583DDC851F0EDEA900E024C2 /* Info.plist */,
				58106D051F1019830043F791 /* GoogleService-Info.plist */,
			);
			path = flucueat;
			sourceTree = "<group>";
		};
		583DDC8D1F0EDEA900E024C2 /* flucueatTests */ = {
			isa = PBXGroup;
			children = (
				583DDC901F0EDEA900E024C2 /* Info.plist */,
			);
			path = flucueatTests;
			sourceTree = "<group>";
		};
		583DDC981F0EDEA900E024C2 /* flucueatUITests */ = {
			isa = PBXGroup;
			children = (
				583DDC991F0EDEA900E024C2 /* flucueatUITests.swift */,
				583DDC9B1F0EDEA900E024C2 /* Info.plist */,
			);
			path = flucueatUITests;
			sourceTree = "<group>";
		};
		5856119B1F20129500C6D2ED /* Controllers */ = {
			isa = PBXGroup;
			children = (
				5856119F1F20131700C6D2ED /* Vendor */,
				5856119E1F2012F800C6D2ED /* GeneralUser */,
			);
			name = Controllers;
			sourceTree = "<group>";
		};
		5856119C1F2012D100C6D2ED /* Model */ = {
			isa = PBXGroup;
			children = (
				5872BAA51F1946EB00366391 /* Constants.swift */,
				589B078C1F39230200096544 /* FirebaseClient.swift */,
				58FB4BB31F6AFB1D00A0B554 /* checkForConnection.swift */,
			);
			name = Model;
			sourceTree = "<group>";
		};
		5856119D1F2012EB00C6D2ED /* View */ = {
			isa = PBXGroup;
			children = (
				58C347831F2FCD2C00710A1A /* FoodImageCollectionViewCell.swift */,
				583DDC7D1F0EDEA900E024C2 /* Main.storyboard */,
				589B07881F38332E00096544 /* AlertViews.swift */,
				580A50E71FCB40D90007C921 /* MarkerViews.swift */,
			);
			name = View;
			sourceTree = "<group>";
		};
		5856119E1F2012F800C6D2ED /* GeneralUser */ = {
			isa = PBXGroup;
			children = (
				5872BAA11F1942E000366391 /* HomeMapViewController.swift */,
				58106D071F101B180043F791 /* Vendor.swift */,
				585611A41F2259C400C6D2ED /* FoodTruckInfoViewController.swift */,
			);
			name = GeneralUser;
			sourceTree = "<group>";
		};
		5856119F1F20131700C6D2ED /* Vendor */ = {
			isa = PBXGroup;
			children = (
				585611991F20123800C6D2ED /* VendorTabController.swift */,
				585611951F20115900C6D2ED /* VendorMapViewController.swift */,
				585611931F1EBB8D00C6D2ED /* VendorInfoViewController.swift */,
			);
			name = Vendor;
			sourceTree = "<group>";
		};
		B33EB8C259C926EFF3EF50CC /* Pods */ = {
			isa = PBXGroup;
			children = (
				7918DEDDDEDE5124FD310FD4 /* Pods-fluctueat.debug.xcconfig */,
				680FE71A711B25AC00F1F720 /* Pods-fluctueat.release.xcconfig */,
			);
			name = Pods;
			sourceTree = "<group>";
		};
/* End PBXGroup section */

/* Begin PBXNativeTarget section */
		583DDC751F0EDEA900E024C2 /* fluctueat */ = {
			isa = PBXNativeTarget;
			buildConfigurationList = 583DDC9E1F0EDEAA00E024C2 /* Build configuration list for PBXNativeTarget "fluctueat" */;
			buildPhases = (
				2CFCA7FE9847945B3384AEA2 /* [CP] Check Pods Manifest.lock */,
				583DDC721F0EDEA900E024C2 /* Sources */,
				583DDC731F0EDEA900E024C2 /* Frameworks */,
				583DDC741F0EDEA900E024C2 /* Resources */,
				1BFB3EE80711FC9B7C49BD73 /* [CP] Embed Pods Frameworks */,
				B2CA6899B64AC4B7F171D019 /* [CP] Copy Pods Resources */,
			);
			buildRules = (
			);
			dependencies = (
			);
			name = fluctueat;
			productName = flucueat;
			productReference = 583DDC761F0EDEA900E024C2 /* fluctueat.app */;
			productType = "com.apple.product-type.application";
		};
		583DDC891F0EDEA900E024C2 /* fluctueatTests */ = {
			isa = PBXNativeTarget;
			buildConfigurationList = 583DDCA11F0EDEAA00E024C2 /* Build configuration list for PBXNativeTarget "fluctueatTests" */;
			buildPhases = (
				583DDC861F0EDEA900E024C2 /* Sources */,
				583DDC871F0EDEA900E024C2 /* Frameworks */,
				583DDC881F0EDEA900E024C2 /* Resources */,
			);
			buildRules = (
			);
			dependencies = (
				583DDC8C1F0EDEA900E024C2 /* PBXTargetDependency */,
			);
			name = fluctueatTests;
			productName = flucueatTests;
			productReference = 583DDC8A1F0EDEA900E024C2 /* fluctueatTests.xctest */;
			productType = "com.apple.product-type.bundle.unit-test";
		};
		583DDC941F0EDEA900E024C2 /* fluctueatUITests */ = {
			isa = PBXNativeTarget;
			buildConfigurationList = 583DDCA41F0EDEAA00E024C2 /* Build configuration list for PBXNativeTarget "fluctueatUITests" */;
			buildPhases = (
				583DDC911F0EDEA900E024C2 /* Sources */,
				583DDC921F0EDEA900E024C2 /* Frameworks */,
				583DDC931F0EDEA900E024C2 /* Resources */,
			);
			buildRules = (
			);
			dependencies = (
				583DDC971F0EDEA900E024C2 /* PBXTargetDependency */,
			);
			name = fluctueatUITests;
			productName = flucueatUITests;
			productReference = 583DDC951F0EDEA900E024C2 /* fluctueatUITests.xctest */;
			productType = "com.apple.product-type.bundle.ui-testing";
		};
/* End PBXNativeTarget section */

/* Begin PBXProject section */
		583DDC6E1F0EDEA900E024C2 /* Project object */ = {
			isa = PBXProject;
			attributes = {
				LastSwiftUpdateCheck = 0830;
				LastUpgradeCheck = 0910;
				ORGANIZATIONNAME = "Break List";
				TargetAttributes = {
					583DDC751F0EDEA900E024C2 = {
						CreatedOnToolsVersion = 8.3.3;
						DevelopmentTeam = E94BBYQUZ2;
						ProvisioningStyle = Automatic;
					};
					583DDC891F0EDEA900E024C2 = {
						CreatedOnToolsVersion = 8.3.3;
						DevelopmentTeam = K32U974K8Q;
						ProvisioningStyle = Automatic;
						TestTargetID = 583DDC751F0EDEA900E024C2;
					};
					583DDC941F0EDEA900E024C2 = {
						CreatedOnToolsVersion = 8.3.3;
						DevelopmentTeam = K32U974K8Q;
						ProvisioningStyle = Automatic;
						TestTargetID = 583DDC751F0EDEA900E024C2;
					};
				};
			};
			buildConfigurationList = 583DDC711F0EDEA900E024C2 /* Build configuration list for PBXProject "fluctueat" */;
			compatibilityVersion = "Xcode 3.2";
			developmentRegion = English;
			hasScannedForEncodings = 0;
			knownRegions = (
				en,
				Base,
			);
			mainGroup = 583DDC6D1F0EDEA900E024C2;
			productRefGroup = 583DDC771F0EDEA900E024C2 /* Products */;
			projectDirPath = "";
			projectRoot = "";
			targets = (
				583DDC751F0EDEA900E024C2 /* fluctueat */,
				583DDC891F0EDEA900E024C2 /* fluctueatTests */,
				583DDC941F0EDEA900E024C2 /* fluctueatUITests */,
			);
		};
/* End PBXProject section */

/* Begin PBXResourcesBuildPhase section */
		583DDC741F0EDEA900E024C2 /* Resources */ = {
			isa = PBXResourcesBuildPhase;
			buildActionMask = 2147483647;
			files = (
				583DDC841F0EDEA900E024C2 /* LaunchScreen.storyboard in Resources */,
				58106D061F1019830043F791 /* GoogleService-Info.plist in Resources */,
				583DDC811F0EDEA900E024C2 /* Assets.xcassets in Resources */,
				583DDC7F1F0EDEA900E024C2 /* Main.storyboard in Resources */,
			);
			runOnlyForDeploymentPostprocessing = 0;
		};
		583DDC881F0EDEA900E024C2 /* Resources */ = {
			isa = PBXResourcesBuildPhase;
			buildActionMask = 2147483647;
			files = (
			);
			runOnlyForDeploymentPostprocessing = 0;
		};
		583DDC931F0EDEA900E024C2 /* Resources */ = {
			isa = PBXResourcesBuildPhase;
			buildActionMask = 2147483647;
			files = (
			);
			runOnlyForDeploymentPostprocessing = 0;
		};
/* End PBXResourcesBuildPhase section */

/* Begin PBXShellScriptBuildPhase section */
		1BFB3EE80711FC9B7C49BD73 /* [CP] Embed Pods Frameworks */ = {
			isa = PBXShellScriptBuildPhase;
			buildActionMask = 2147483647;
			files = (
			);
			inputPaths = (
			);
			name = "[CP] Embed Pods Frameworks";
			outputPaths = (
			);
			runOnlyForDeploymentPostprocessing = 0;
			shellPath = /bin/sh;
			shellScript = "\"${SRCROOT}/Pods/Target Support Files/Pods-fluctueat/Pods-fluctueat-frameworks.sh\"\n";
			showEnvVarsInLog = 0;
		};
		2CFCA7FE9847945B3384AEA2 /* [CP] Check Pods Manifest.lock */ = {
			isa = PBXShellScriptBuildPhase;
			buildActionMask = 2147483647;
			files = (
			);
			inputPaths = (
			);
			name = "[CP] Check Pods Manifest.lock";
			outputPaths = (
			);
			runOnlyForDeploymentPostprocessing = 0;
			shellPath = /bin/sh;
			shellScript = "diff \"${PODS_PODFILE_DIR_PATH}/Podfile.lock\" \"${PODS_ROOT}/Manifest.lock\" > /dev/null\nif [ $? != 0 ] ; then\n    # print error to STDERR\n    echo \"error: The sandbox is not in sync with the Podfile.lock. Run 'pod install' or update your CocoaPods installation.\" >&2\n    exit 1\nfi\n";
			showEnvVarsInLog = 0;
		};
		B2CA6899B64AC4B7F171D019 /* [CP] Copy Pods Resources */ = {
			isa = PBXShellScriptBuildPhase;
			buildActionMask = 2147483647;
			files = (
			);
			inputPaths = (
			);
			name = "[CP] Copy Pods Resources";
			outputPaths = (
			);
			runOnlyForDeploymentPostprocessing = 0;
			shellPath = /bin/sh;
			shellScript = "\"${SRCROOT}/Pods/Target Support Files/Pods-fluctueat/Pods-fluctueat-resources.sh\"\n";
			showEnvVarsInLog = 0;
		};
/* End PBXShellScriptBuildPhase section */

/* Begin PBXSourcesBuildPhase section */
		583DDC721F0EDEA900E024C2 /* Sources */ = {
			isa = PBXSourcesBuildPhase;
			buildActionMask = 2147483647;
			files = (
				58106D081F101B180043F791 /* Vendor.swift in Sources */,
				5856119A1F20123800C6D2ED /* VendorTabController.swift in Sources */,
				585611961F20115900C6D2ED /* VendorMapViewController.swift in Sources */,
				5872BAA21F1942E000366391 /* HomeMapViewController.swift in Sources */,
				589B07891F38332E00096544 /* AlertViews.swift in Sources */,
				583DDC7A1F0EDEA900E024C2 /* AppDelegate.swift in Sources */,
				585611941F1EBB8D00C6D2ED /* VendorInfoViewController.swift in Sources */,
				58FB4BB41F6AFB1D00A0B554 /* checkForConnection.swift in Sources */,
				580A50E81FCB40D90007C921 /* MarkerViews.swift in Sources */,
				5872BAA61F1946EB00366391 /* Constants.swift in Sources */,
				58C347841F2FCD2C00710A1A /* FoodImageCollectionViewCell.swift in Sources */,
				589B078D1F39230200096544 /* FirebaseClient.swift in Sources */,
				585611A51F2259C400C6D2ED /* FoodTruckInfoViewController.swift in Sources */,
			);
			runOnlyForDeploymentPostprocessing = 0;
		};
		583DDC861F0EDEA900E024C2 /* Sources */ = {
			isa = PBXSourcesBuildPhase;
			buildActionMask = 2147483647;
			files = (
			);
			runOnlyForDeploymentPostprocessing = 0;
		};
		583DDC911F0EDEA900E024C2 /* Sources */ = {
			isa = PBXSourcesBuildPhase;
			buildActionMask = 2147483647;
			files = (
				583DDC9A1F0EDEA900E024C2 /* flucueatUITests.swift in Sources */,
			);
			runOnlyForDeploymentPostprocessing = 0;
		};
/* End PBXSourcesBuildPhase section */

/* Begin PBXTargetDependency section */
		583DDC8C1F0EDEA900E024C2 /* PBXTargetDependency */ = {
			isa = PBXTargetDependency;
			target = 583DDC751F0EDEA900E024C2 /* fluctueat */;
			targetProxy = 583DDC8B1F0EDEA900E024C2 /* PBXContainerItemProxy */;
		};
		583DDC971F0EDEA900E024C2 /* PBXTargetDependency */ = {
			isa = PBXTargetDependency;
			target = 583DDC751F0EDEA900E024C2 /* fluctueat */;
			targetProxy = 583DDC961F0EDEA900E024C2 /* PBXContainerItemProxy */;
		};
/* End PBXTargetDependency section */

/* Begin PBXVariantGroup section */
		583DDC7D1F0EDEA900E024C2 /* Main.storyboard */ = {
			isa = PBXVariantGroup;
			children = (
				583DDC7E1F0EDEA900E024C2 /* Base */,
			);
			name = Main.storyboard;
			sourceTree = "<group>";
		};
		583DDC821F0EDEA900E024C2 /* LaunchScreen.storyboard */ = {
			isa = PBXVariantGroup;
			children = (
				583DDC831F0EDEA900E024C2 /* Base */,
			);
			name = LaunchScreen.storyboard;
			sourceTree = "<group>";
		};
/* End PBXVariantGroup section */

/* Begin XCBuildConfiguration section */
		583DDC9C1F0EDEAA00E024C2 /* Debug */ = {
			isa = XCBuildConfiguration;
			buildSettings = {
				ALWAYS_SEARCH_USER_PATHS = NO;
				CLANG_ANALYZER_NONNULL = YES;
				CLANG_ANALYZER_NUMBER_OBJECT_CONVERSION = YES_AGGRESSIVE;
				CLANG_CXX_LANGUAGE_STANDARD = "gnu++0x";
				CLANG_CXX_LIBRARY = "libc++";
				CLANG_ENABLE_MODULES = YES;
				CLANG_ENABLE_OBJC_ARC = YES;
				CLANG_WARN_BLOCK_CAPTURE_AUTORELEASING = YES;
				CLANG_WARN_BOOL_CONVERSION = YES;
				CLANG_WARN_COMMA = YES;
				CLANG_WARN_CONSTANT_CONVERSION = YES;
				CLANG_WARN_DIRECT_OBJC_ISA_USAGE = YES_ERROR;
				CLANG_WARN_DOCUMENTATION_COMMENTS = YES;
				CLANG_WARN_EMPTY_BODY = YES;
				CLANG_WARN_ENUM_CONVERSION = YES;
				CLANG_WARN_INFINITE_RECURSION = YES;
				CLANG_WARN_INT_CONVERSION = YES;
				CLANG_WARN_NON_LITERAL_NULL_CONVERSION = YES;
				CLANG_WARN_OBJC_LITERAL_CONVERSION = YES;
				CLANG_WARN_OBJC_ROOT_CLASS = YES_ERROR;
				CLANG_WARN_RANGE_LOOP_ANALYSIS = YES;
				CLANG_WARN_STRICT_PROTOTYPES = YES;
				CLANG_WARN_SUSPICIOUS_MOVE = YES;
				CLANG_WARN_UNREACHABLE_CODE = YES;
				CLANG_WARN__DUPLICATE_METHOD_MATCH = YES;
				CODE_SIGN_IDENTITY = "iPhone Developer";
				"CODE_SIGN_IDENTITY[sdk=iphoneos*]" = "iPhone Developer";
				COPY_PHASE_STRIP = NO;
				DEBUG_INFORMATION_FORMAT = dwarf;
				DEVELOPMENT_TEAM = K32U974K8Q;
				ENABLE_STRICT_OBJC_MSGSEND = YES;
				ENABLE_TESTABILITY = YES;
				GCC_C_LANGUAGE_STANDARD = gnu99;
				GCC_DYNAMIC_NO_PIC = NO;
				GCC_NO_COMMON_BLOCKS = YES;
				GCC_OPTIMIZATION_LEVEL = 0;
				GCC_PREPROCESSOR_DEFINITIONS = (
					"DEBUG=1",
					"$(inherited)",
				);
				GCC_WARN_64_TO_32_BIT_CONVERSION = YES;
				GCC_WARN_ABOUT_RETURN_TYPE = YES_ERROR;
				GCC_WARN_UNDECLARED_SELECTOR = YES;
				GCC_WARN_UNINITIALIZED_AUTOS = YES_AGGRESSIVE;
				GCC_WARN_UNUSED_FUNCTION = YES;
				GCC_WARN_UNUSED_VARIABLE = YES;
				IPHONEOS_DEPLOYMENT_TARGET = 10.3;
				MTL_ENABLE_DEBUG_INFO = YES;
				ONLY_ACTIVE_ARCH = YES;
				SDKROOT = iphoneos;
				SWIFT_ACTIVE_COMPILATION_CONDITIONS = DEBUG;
				SWIFT_OPTIMIZATION_LEVEL = "-Onone";
			};
			name = Debug;
		};
		583DDC9D1F0EDEAA00E024C2 /* Release */ = {
			isa = XCBuildConfiguration;
			buildSettings = {
				ALWAYS_SEARCH_USER_PATHS = NO;
				CLANG_ANALYZER_NONNULL = YES;
				CLANG_ANALYZER_NUMBER_OBJECT_CONVERSION = YES_AGGRESSIVE;
				CLANG_CXX_LANGUAGE_STANDARD = "gnu++0x";
				CLANG_CXX_LIBRARY = "libc++";
				CLANG_ENABLE_MODULES = YES;
				CLANG_ENABLE_OBJC_ARC = YES;
				CLANG_WARN_BLOCK_CAPTURE_AUTORELEASING = YES;
				CLANG_WARN_BOOL_CONVERSION = YES;
				CLANG_WARN_COMMA = YES;
				CLANG_WARN_CONSTANT_CONVERSION = YES;
				CLANG_WARN_DIRECT_OBJC_ISA_USAGE = YES_ERROR;
				CLANG_WARN_DOCUMENTATION_COMMENTS = YES;
				CLANG_WARN_EMPTY_BODY = YES;
				CLANG_WARN_ENUM_CONVERSION = YES;
				CLANG_WARN_INFINITE_RECURSION = YES;
				CLANG_WARN_INT_CONVERSION = YES;
				CLANG_WARN_NON_LITERAL_NULL_CONVERSION = YES;
				CLANG_WARN_OBJC_LITERAL_CONVERSION = YES;
				CLANG_WARN_OBJC_ROOT_CLASS = YES_ERROR;
				CLANG_WARN_RANGE_LOOP_ANALYSIS = YES;
				CLANG_WARN_STRICT_PROTOTYPES = YES;
				CLANG_WARN_SUSPICIOUS_MOVE = YES;
				CLANG_WARN_UNREACHABLE_CODE = YES;
				CLANG_WARN__DUPLICATE_METHOD_MATCH = YES;
				CODE_SIGN_IDENTITY = "iPhone Developer";
				"CODE_SIGN_IDENTITY[sdk=iphoneos*]" = "iPhone Developer";
				COPY_PHASE_STRIP = NO;
				DEBUG_INFORMATION_FORMAT = "dwarf-with-dsym";
				DEVELOPMENT_TEAM = K32U974K8Q;
				ENABLE_NS_ASSERTIONS = NO;
				ENABLE_STRICT_OBJC_MSGSEND = YES;
				GCC_C_LANGUAGE_STANDARD = gnu99;
				GCC_NO_COMMON_BLOCKS = YES;
				GCC_WARN_64_TO_32_BIT_CONVERSION = YES;
				GCC_WARN_ABOUT_RETURN_TYPE = YES_ERROR;
				GCC_WARN_UNDECLARED_SELECTOR = YES;
				GCC_WARN_UNINITIALIZED_AUTOS = YES_AGGRESSIVE;
				GCC_WARN_UNUSED_FUNCTION = YES;
				GCC_WARN_UNUSED_VARIABLE = YES;
				IPHONEOS_DEPLOYMENT_TARGET = 10.3;
				MTL_ENABLE_DEBUG_INFO = NO;
				SDKROOT = iphoneos;
				SWIFT_OPTIMIZATION_LEVEL = "-Owholemodule";
				VALIDATE_PRODUCT = YES;
			};
			name = Release;
		};
		583DDC9F1F0EDEAA00E024C2 /* Debug */ = {
			isa = XCBuildConfiguration;
			baseConfigurationReference = 7918DEDDDEDE5124FD310FD4 /* Pods-fluctueat.debug.xcconfig */;
			buildSettings = {
				ASSETCATALOG_COMPILER_APPICON_NAME = AppIcon;
				ASSETCATALOG_COMPILER_LAUNCHIMAGE_NAME = LaunchImage;
				DEVELOPMENT_TEAM = E94BBYQUZ2;
				INFOPLIST_FILE = flucueat/Info.plist;
				LD_RUNPATH_SEARCH_PATHS = "$(inherited) @executable_path/Frameworks";
				PRODUCT_BUNDLE_IDENTIFIER = breaklist.flucueat;
				PRODUCT_NAME = "$(TARGET_NAME)";
				SWIFT_VERSION = 3.0;
			};
			name = Debug;
		};
		583DDCA01F0EDEAA00E024C2 /* Release */ = {
			isa = XCBuildConfiguration;
			baseConfigurationReference = 680FE71A711B25AC00F1F720 /* Pods-fluctueat.release.xcconfig */;
			buildSettings = {
				ASSETCATALOG_COMPILER_APPICON_NAME = AppIcon;
				ASSETCATALOG_COMPILER_LAUNCHIMAGE_NAME = LaunchImage;
				DEVELOPMENT_TEAM = E94BBYQUZ2;
				INFOPLIST_FILE = flucueat/Info.plist;
				LD_RUNPATH_SEARCH_PATHS = "$(inherited) @executable_path/Frameworks";
				PRODUCT_BUNDLE_IDENTIFIER = breaklist.flucueat;
				PRODUCT_NAME = "$(TARGET_NAME)";
				SWIFT_VERSION = 3.0;
			};
			name = Release;
		};
		583DDCA21F0EDEAA00E024C2 /* Debug */ = {
			isa = XCBuildConfiguration;
			buildSettings = {
				ALWAYS_EMBED_SWIFT_STANDARD_LIBRARIES = YES;
				BUNDLE_LOADER = "$(TEST_HOST)";
				INFOPLIST_FILE = flucueatTests/Info.plist;
				LD_RUNPATH_SEARCH_PATHS = "$(inherited) @executable_path/Frameworks @loader_path/Frameworks";
				PRODUCT_BUNDLE_IDENTIFIER = breaklist.flucueatTests;
				PRODUCT_NAME = "$(TARGET_NAME)";
				SWIFT_VERSION = 3.0;
				TEST_HOST = "$(BUILT_PRODUCTS_DIR)/fluctueat.app/fluctueat";
			};
			name = Debug;
		};
		583DDCA31F0EDEAA00E024C2 /* Release */ = {
			isa = XCBuildConfiguration;
			buildSettings = {
				ALWAYS_EMBED_SWIFT_STANDARD_LIBRARIES = YES;
				BUNDLE_LOADER = "$(TEST_HOST)";
				INFOPLIST_FILE = flucueatTests/Info.plist;
				LD_RUNPATH_SEARCH_PATHS = "$(inherited) @executable_path/Frameworks @loader_path/Frameworks";
				PRODUCT_BUNDLE_IDENTIFIER = breaklist.flucueatTests;
				PRODUCT_NAME = "$(TARGET_NAME)";
				SWIFT_VERSION = 3.0;
				TEST_HOST = "$(BUILT_PRODUCTS_DIR)/fluctueat.app/fluctueat";
			};
			name = Release;
		};
		583DDCA51F0EDEAA00E024C2 /* Debug */ = {
			isa = XCBuildConfiguration;
			buildSettings = {
				ALWAYS_EMBED_SWIFT_STANDARD_LIBRARIES = YES;
				INFOPLIST_FILE = flucueatUITests/Info.plist;
				LD_RUNPATH_SEARCH_PATHS = "$(inherited) @executable_path/Frameworks @loader_path/Frameworks";
				PRODUCT_BUNDLE_IDENTIFIER = breaklist.flucueatUITests;
				PRODUCT_NAME = "$(TARGET_NAME)";
				SWIFT_VERSION = 3.0;
				TEST_TARGET_NAME = flucueat;
			};
			name = Debug;
		};
		583DDCA61F0EDEAA00E024C2 /* Release */ = {
			isa = XCBuildConfiguration;
			buildSettings = {
				ALWAYS_EMBED_SWIFT_STANDARD_LIBRARIES = YES;
				INFOPLIST_FILE = flucueatUITests/Info.plist;
				LD_RUNPATH_SEARCH_PATHS = "$(inherited) @executable_path/Frameworks @loader_path/Frameworks";
				PRODUCT_BUNDLE_IDENTIFIER = breaklist.flucueatUITests;
				PRODUCT_NAME = "$(TARGET_NAME)";
				SWIFT_VERSION = 3.0;
				TEST_TARGET_NAME = flucueat;
			};
			name = Release;
		};
/* End XCBuildConfiguration section */

/* Begin XCConfigurationList section */
		583DDC711F0EDEA900E024C2 /* Build configuration list for PBXProject "fluctueat" */ = {
			isa = XCConfigurationList;
			buildConfigurations = (
				583DDC9C1F0EDEAA00E024C2 /* Debug */,
				583DDC9D1F0EDEAA00E024C2 /* Release */,
			);
			defaultConfigurationIsVisible = 0;
			defaultConfigurationName = Release;
		};
		583DDC9E1F0EDEAA00E024C2 /* Build configuration list for PBXNativeTarget "fluctueat" */ = {
			isa = XCConfigurationList;
			buildConfigurations = (
				583DDC9F1F0EDEAA00E024C2 /* Debug */,
				583DDCA01F0EDEAA00E024C2 /* Release */,
			);
			defaultConfigurationIsVisible = 0;
			defaultConfigurationName = Release;
		};
		583DDCA11F0EDEAA00E024C2 /* Build configuration list for PBXNativeTarget "fluctueatTests" */ = {
			isa = XCConfigurationList;
			buildConfigurations = (
				583DDCA21F0EDEAA00E024C2 /* Debug */,
				583DDCA31F0EDEAA00E024C2 /* Release */,
			);
			defaultConfigurationIsVisible = 0;
			defaultConfigurationName = Release;
		};
		583DDCA41F0EDEAA00E024C2 /* Build configuration list for PBXNativeTarget "fluctueatUITests" */ = {
			isa = XCConfigurationList;
			buildConfigurations = (
				583DDCA51F0EDEAA00E024C2 /* Debug */,
				583DDCA61F0EDEAA00E024C2 /* Release */,
			);
			defaultConfigurationIsVisible = 0;
			defaultConfigurationName = Release;
		};
/* End XCConfigurationList section */
	};
	rootObject = 583DDC6E1F0EDEA900E024C2 /* Project object */;
}
